// !$*UTF8*$!
{
	archiveVersion = 1;
	classes = {
	};
	objectVersion = 46;
	objects = {

/* Begin PBXBuildFile section */
		6B55CFC21C191CF500F9D18C /* CustomTableViewCell.swift in Sources */ = {isa = PBXBuildFile; fileRef = 6B55CFC11C191CF500F9D18C /* CustomTableViewCell.swift */; settings = {ASSET_TAGS = (); }; };
		6BFE1E091C12C596002B5C47 /* AppDelegate.swift in Sources */ = {isa = PBXBuildFile; fileRef = 6BFE1E081C12C596002B5C47 /* AppDelegate.swift */; };
		6BFE1E0B1C12C596002B5C47 /* ViewController.swift in Sources */ = {isa = PBXBuildFile; fileRef = 6BFE1E0A1C12C596002B5C47 /* ViewController.swift */; };
		6BFE1E0E1C12C596002B5C47 /* Main.storyboard in Resources */ = {isa = PBXBuildFile; fileRef = 6BFE1E0C1C12C596002B5C47 /* Main.storyboard */; };
		6BFE1E101C12C596002B5C47 /* Assets.xcassets in Resources */ = {isa = PBXBuildFile; fileRef = 6BFE1E0F1C12C596002B5C47 /* Assets.xcassets */; };
		6BFE1E131C12C596002B5C47 /* LaunchScreen.storyboard in Resources */ = {isa = PBXBuildFile; fileRef = 6BFE1E111C12C596002B5C47 /* LaunchScreen.storyboard */; };
		6BFE1E1B1C12C5B6002B5C47 /* CustomLayout.swift in Sources */ = {isa = PBXBuildFile; fileRef = 6BFE1E1A1C12C5B6002B5C47 /* CustomLayout.swift */; settings = {ASSET_TAGS = (); }; };
		6BFE1E1D1C12C63C002B5C47 /* CollectionCell.swift in Sources */ = {isa = PBXBuildFile; fileRef = 6BFE1E1C1C12C63C002B5C47 /* CollectionCell.swift */; settings = {ASSET_TAGS = (); }; };
/* End PBXBuildFile section */

/* Begin PBXFileReference section */
		6B55CFC11C191CF500F9D18C /* CustomTableViewCell.swift */ = {isa = PBXFileReference; fileEncoding = 4; lastKnownFileType = sourcecode.swift; path = CustomTableViewCell.swift; sourceTree = "<group>"; };
		6BFE1E051C12C596002B5C47 /* CollectionView.app */ = {isa = PBXFileReference; explicitFileType = wrapper.application; includeInIndex = 0; path = CollectionView.app; sourceTree = BUILT_PRODUCTS_DIR; };
		6BFE1E081C12C596002B5C47 /* AppDelegate.swift */ = {isa = PBXFileReference; lastKnownFileType = sourcecode.swift; path = AppDelegate.swift; sourceTree = "<group>"; };
		6BFE1E0A1C12C596002B5C47 /* ViewController.swift */ = {isa = PBXFileReference; lastKnownFileType = sourcecode.swift; path = ViewController.swift; sourceTree = "<group>"; };
		6BFE1E0D1C12C596002B5C47 /* Base */ = {isa = PBXFileReference; lastKnownFileType = file.storyboard; name = Base; path = Base.lproj/Main.storyboard; sourceTree = "<group>"; };
		6BFE1E0F1C12C596002B5C47 /* Assets.xcassets */ = {isa = PBXFileReference; lastKnownFileType = folder.assetcatalog; path = Assets.xcassets; sourceTree = "<group>"; };
		6BFE1E121C12C596002B5C47 /* Base */ = {isa = PBXFileReference; lastKnownFileType = file.storyboard; name = Base; path = Base.lproj/LaunchScreen.storyboard; sourceTree = "<group>"; };
		6BFE1E141C12C596002B5C47 /* Info.plist */ = {isa = PBXFileReference; lastKnownFileType = text.plist.xml; path = Info.plist; sourceTree = "<group>"; };
		6BFE1E1A1C12C5B6002B5C47 /* CustomLayout.swift */ = {isa = PBXFileReference; fileEncoding = 4; lastKnownFileType = sourcecode.swift; path = CustomLayout.swift; sourceTree = "<group>"; };
		6BFE1E1C1C12C63C002B5C47 /* CollectionCell.swift */ = {isa = PBXFileReference; fileEncoding = 4; lastKnownFileType = sourcecode.swift; path = CollectionCell.swift; sourceTree = "<group>"; };
/* End PBXFileReference section */

/* Begin PBXFrameworksBuildPhase section */
		6BFE1E021C12C596002B5C47 /* Frameworks */ = {
			isa = PBXFrameworksBuildPhase;
			buildActionMask = 2147483647;
			files = (
			);
			runOnlyForDeploymentPostprocessing = 0;
		};
/* End PBXFrameworksBuildPhase section */

/* Begin PBXGroup section */
		6BFE1DFC1C12C596002B5C47 = {
			isa = PBXGroup;
			children = (
				6BFE1E071C12C596002B5C47 /* CollectionView */,
				6BFE1E061C12C596002B5C47 /* Products */,
			);
			sourceTree = "<group>";
		};
		6BFE1E061C12C596002B5C47 /* Products */ = {
			isa = PBXGroup;
			children = (
				6BFE1E051C12C596002B5C47 /* CollectionView.app */,
			);
			name = Products;
			sourceTree = "<group>";
		};
		6BFE1E071C12C596002B5C47 /* CollectionView */ = {
			isa = PBXGroup;
			children = (
				6BFE1E081C12C596002B5C47 /* AppDelegate.swift */,
				6BFE1E0A1C12C596002B5C47 /* ViewController.swift */,
				6BFE1E0C1C12C596002B5C47 /* Main.storyboard */,
				6BFE1E0F1C12C596002B5C47 /* Assets.xcassets */,
				6BFE1E111C12C596002B5C47 /* LaunchScreen.storyboard */,
				6BFE1E141C12C596002B5C47 /* Info.plist */,
				6BFE1E1A1C12C5B6002B5C47 /* CustomLayout.swift */,
				6BFE1E1C1C12C63C002B5C47 /* CollectionCell.swift */,
				6B55CFC11C191CF500F9D18C /* CustomTableViewCell.swift */,
			);
			path = CollectionView;
			sourceTree = "<group>";
		};
/* End PBXGroup section */

/* Begin PBXNativeTarget section */
		6BFE1E041C12C596002B5C47 /* CollectionView */ = {
			isa = PBXNativeTarget;
			buildConfigurationList = 6BFE1E171C12C596002B5C47 /* Build configuration list for PBXNativeTarget "CollectionView" */;
			buildPhases = (
				6BFE1E011C12C596002B5C47 /* Sources */,
				6BFE1E021C12C596002B5C47 /* Frameworks */,
				6BFE1E031C12C596002B5C47 /* Resources */,
			);
			buildRules = (
			);
			dependencies = (
			);
			name = CollectionView;
			productName = CollectionView;
			productReference = 6BFE1E051C12C596002B5C47 /* CollectionView.app */;
			productType = "com.apple.product-type.application";
		};
/* End PBXNativeTarget section */

/* Begin PBXProject section */
		6BFE1DFD1C12C596002B5C47 /* Project object */ = {
			isa = PBXProject;
			attributes = {
				LastUpgradeCheck = 0700;
				ORGANIZATIONNAME = suze;
				TargetAttributes = {
					6BFE1E041C12C596002B5C47 = {
						CreatedOnToolsVersion = 7.0;
					};
				};
			};
			buildConfigurationList = 6BFE1E001C12C596002B5C47 /* Build configuration list for PBXProject "CollectionView" */;
			compatibilityVersion = "Xcode 3.2";
			developmentRegion = English;
			hasScannedForEncodings = 0;
			knownRegions = (
				en,
				Base,
			);
			mainGroup = 6BFE1DFC1C12C596002B5C47;
			productRefGroup = 6BFE1E061C12C596002B5C47 /* Products */;
			projectDirPath = "";
			projectRoot = "";
			targets = (
				6BFE1E041C12C596002B5C47 /* CollectionView */,
			);
		};
/* End PBXProject section */

/* Begin PBXResourcesBuildPhase section */
		6BFE1E031C12C596002B5C47 /* Resources */ = {
			isa = PBXResourcesBuildPhase;
			buildActionMask = 2147483647;
			files = (
				6BFE1E131C12C596002B5C47 /* LaunchScreen.storyboard in Resources */,
				6BFE1E101C12C596002B5C47 /* Assets.xcassets in Resources */,
				6BFE1E0E1C12C596002B5C47 /* Main.storyboard in Resources */,
			);
			runOnlyForDeploymentPostprocessing = 0;
		};
/* End PBXResourcesBuildPhase section */

/* Begin PBXSourcesBuildPhase section */
		6BFE1E011C12C596002B5C47 /* Sources */ = {
			isa = PBXSourcesBuildPhase;
			buildActionMask = 2147483647;
			files = (
				6BFE1E0B1C12C596002B5C47 /* ViewController.swift in Sources */,
				6B55CFC21C191CF500F9D18C /* CustomTableViewCell.swift in Sources */,
				6BFE1E1B1C12C5B6002B5C47 /* CustomLayout.swift in Sources */,
				6BFE1E1D1C12C63C002B5C47 /* CollectionCell.swift in Sources */,
				6BFE1E091C12C596002B5C47 /* AppDelegate.swift in Sources */,
			);
			runOnlyForDeploymentPostprocessing = 0;
		};
/* End PBXSourcesBuildPhase section */

/* Begin PBXVariantGroup section */
		6BFE1E0C1C12C596002B5C47 /* Main.storyboard */ = {
			isa = PBXVariantGroup;
			children = (
				6BFE1E0D1C12C596002B5C47 /* Base */,
			);
			name = Main.storyboard;
			sourceTree = "<group>";
		};
		6BFE1E111C12C596002B5C47 /* LaunchScreen.storyboard */ = {
			isa = PBXVariantGroup;
			children = (
				6BFE1E121C12C596002B5C47 /* Base */,
			);
			name = LaunchScreen.storyboard;
			sourceTree = "<group>";
		};
/* End PBXVariantGroup section */

/* Begin XCBuildConfiguration section */
		6BFE1E151C12C596002B5C47 /* Debug */ = {
			isa = XCBuildConfiguration;
			buildSettings = {
				ALWAYS_SEARCH_USER_PATHS = NO;
				CLANG_CXX_LANGUAGE_STANDARD = "gnu++0x";
				CLANG_CXX_LIBRARY = "libc++";
				CLANG_ENABLE_MODULES = YES;
				CLANG_ENABLE_OBJC_ARC = YES;
				CLANG_WARN_BOOL_CONVERSION = YES;
				CLANG_WARN_CONSTANT_CONVERSION = YES;
				CLANG_WARN_DIRECT_OBJC_ISA_USAGE = YES_ERROR;
				CLANG_WARN_EMPTY_BODY = YES;
				CLANG_WARN_ENUM_CONVERSION = YES;
				CLANG_WARN_INT_CONVERSION = YES;
				CLANG_WARN_OBJC_ROOT_CLASS = YES_ERROR;
				CLANG_WARN_UNREACHABLE_CODE = YES;
				CLANG_WARN__DUPLICATE_METHOD_MATCH = YES;
				"CODE_SIGN_IDENTITY[sdk=iphoneos*]" = "iPhone Developer";
				COPY_PHASE_STRIP = NO;
				DEBUG_INFORMATION_FORMAT = dwarf;
				ENABLE_STRICT_OBJC_MSGSEND = YES;
				ENABLE_TESTABILITY = YES;
				GCC_C_LANGUAGE_STANDARD = gnu99;
				GCC_DYNAMIC_NO_PIC = NO;
				GCC_NO_COMMON_BLOCKS = YES;
				GCC_OPTIMIZATION_LEVEL = 0;
				GCC_PREPROCESSOR_DEFINITIONS = (
					"DEBUG=1",
					"$(inherited)",
				);
				GCC_WARN_64_TO_32_BIT_CONVERSION = YES;
				GCC_WARN_ABOUT_RETURN_TYPE = YES_ERROR;
				GCC_WARN_UNDECLARED_SELECTOR = YES;
				GCC_WARN_UNINITIALIZED_AUTOS = YES_AGGRESSIVE;
				GCC_WARN_UNUSED_FUNCTION = YES;
				GCC_WARN_UNUSED_VARIABLE = YES;
				IPHONEOS_DEPLOYMENT_TARGET = 9.0;
				MTL_ENABLE_DEBUG_INFO = YES;
				ONLY_ACTIVE_ARCH = YES;
				SDKROOT = iphoneos;
				SWIFT_OPTIMIZATION_LEVEL = "-Onone";
			};
			name = Debug;
		};
		6BFE1E161C12C596002B5C47 /* Release */ = {
			isa = XCBuildConfiguration;
			buildSettings = {
				ALWAYS_SEARCH_USER_PATHS = NO;
				CLANG_CXX_LANGUAGE_STANDARD = "gnu++0x";
				CLANG_CXX_LIBRARY = "libc++";
				CLANG_ENABLE_MODULES = YES;
				CLANG_ENABLE_OBJC_ARC = YES;
				CLANG_WARN_BOOL_CONVERSION = YES;
				CLANG_WARN_CONSTANT_CONVERSION = YES;
				CLANG_WARN_DIRECT_OBJC_ISA_USAGE = YES_ERROR;
				CLANG_WARN_EMPTY_BODY = YES;
				CLANG_WARN_ENUM_CONVERSION = YES;
				CLANG_WARN_INT_CONVERSION = YES;
				CLANG_WARN_OBJC_ROOT_CLASS = YES_ERROR;
				CLANG_WARN_UNREACHABLE_CODE = YES;
				CLANG_WARN__DUPLICATE_METHOD_MATCH = YES;
				"CODE_SIGN_IDENTITY[sdk=iphoneos*]" = "iPhone Developer";
				COPY_PHASE_STRIP = NO;
				DEBUG_INFORMATION_FORMAT = "dwarf-with-dsym";
				ENABLE_NS_ASSERTIONS = NO;
				ENABLE_STRICT_OBJC_MSGSEND = YES;
				GCC_C_LANGUAGE_STANDARD = gnu99;
				GCC_NO_COMMON_BLOCKS = YES;
				GCC_WARN_64_TO_32_BIT_CONVERSION = YES;
				GCC_WARN_ABOUT_RETURN_TYPE = YES_ERROR;
				GCC_WARN_UNDECLARED_SELECTOR = YES;
				GCC_WARN_UNINITIALIZED_AUTOS = YES_AGGRESSIVE;
				GCC_WARN_UNUSED_FUNCTION = YES;
				GCC_WARN_UNUSED_VARIABLE = YES;
				IPHONEOS_DEPLOYMENT_TARGET = 9.0;
				MTL_ENABLE_DEBUG_INFO = NO;
				SDKROOT = iphoneos;
				VALIDATE_PRODUCT = YES;
			};
			name = Release;
		};
		6BFE1E181C12C596002B5C47 /* Debug */ = {
			isa = XCBuildConfiguration;
			buildSettings = {
				ASSETCATALOG_COMPILER_APPICON_NAME = AppIcon;
				INFOPLIST_FILE = CollectionView/Info.plist;
				LD_RUNPATH_SEARCH_PATHS = "$(inherited) @executable_path/Frameworks";
				PRODUCT_BUNDLE_IDENTIFIER = "-23.CollectionView";
				PRODUCT_NAME = "$(TARGET_NAME)";
			};
			name = Debug;
		};
		6BFE1E191C12C596002B5C47 /* Release */ = {
			isa = XCBuildConfiguration;
			buildSettings = {
				ASSETCATALOG_COMPILER_APPICON_NAME = AppIcon;
				INFOPLIST_FILE = CollectionView/Info.plist;
				LD_RUNPATH_SEARCH_PATHS = "$(inherited) @executable_path/Frameworks";
				PRODUCT_BUNDLE_IDENTIFIER = "-23.CollectionView";
				PRODUCT_NAME = "$(TARGET_NAME)";
			};
			name = Release;
		};
/* End XCBuildConfiguration section */

/* Begin XCConfigurationList section */
		6BFE1E001C12C596002B5C47 /* Build configuration list for PBXProject "CollectionView" */ = {
			isa = XCConfigurationList;
			buildConfigurations = (
				6BFE1E151C12C596002B5C47 /* Debug */,
				6BFE1E161C12C596002B5C47 /* Release */,
			);
			defaultConfigurationIsVisible = 0;
			defaultConfigurationName = Release;
		};
		6BFE1E171C12C596002B5C47 /* Build configuration list for PBXNativeTarget "CollectionView" */ = {
			isa = XCConfigurationList;
			buildConfigurations = (
				6BFE1E181C12C596002B5C47 /* Debug */,
				6BFE1E191C12C596002B5C47 /* Release */,
			);
			defaultConfigurationIsVisible = 0;
			defaultConfigurationName = Release;
		};
/* End XCConfigurationList section */
	};
	rootObject = 6BFE1DFD1C12C596002B5C47 /* Project object */;
}
