// !$*UTF8*$!
{
	archiveVersion = 1;
	classes = {
	};
	objectVersion = 46;
	objects = {

/* Begin PBXBuildFile section */
		6BB2EE621C2FEEA300FCAAD2 /* main.m in Sources */ = {isa = PBXBuildFile; fileRef = 6BB2EE611C2FEEA300FCAAD2 /* main.m */; };
		6BB2EE651C2FEEA300FCAAD2 /* AppDelegate.m in Sources */ = {isa = PBXBuildFile; fileRef = 6BB2EE641C2FEEA300FCAAD2 /* AppDelegate.m */; };
		6BB2EE681C2FEEA300FCAAD2 /* HomePage.m in Sources */ = {isa = PBXBuildFile; fileRef = 6BB2EE671C2FEEA300FCAAD2 /* HomePage.m */; };
		6BB2EE6B1C2FEEA300FCAAD2 /* Main.storyboard in Resources */ = {isa = PBXBuildFile; fileRef = 6BB2EE691C2FEEA300FCAAD2 /* Main.storyboard */; };
		6BB2EE6D1C2FEEA300FCAAD2 /* Assets.xcassets in Resources */ = {isa = PBXBuildFile; fileRef = 6BB2EE6C1C2FEEA300FCAAD2 /* Assets.xcassets */; };
		6BB2EE701C2FEEA300FCAAD2 /* LaunchScreen.storyboard in Resources */ = {isa = PBXBuildFile; fileRef = 6BB2EE6E1C2FEEA300FCAAD2 /* LaunchScreen.storyboard */; };
		6BB2EE781C2FEEC300FCAAD2 /* Readme in Resources */ = {isa = PBXBuildFile; fileRef = 6BB2EE771C2FEEC300FCAAD2 /* Readme */; settings = {ASSET_TAGS = (); }; };
/* End PBXBuildFile section */

/* Begin PBXFileReference section */
		6BB2EE5D1C2FEEA300FCAAD2 /* NewsReader.app */ = {isa = PBXFileReference; explicitFileType = wrapper.application; includeInIndex = 0; path = NewsReader.app; sourceTree = BUILT_PRODUCTS_DIR; };
		6BB2EE611C2FEEA300FCAAD2 /* main.m */ = {isa = PBXFileReference; lastKnownFileType = sourcecode.c.objc; path = main.m; sourceTree = "<group>"; };
		6BB2EE631C2FEEA300FCAAD2 /* AppDelegate.h */ = {isa = PBXFileReference; lastKnownFileType = sourcecode.c.h; path = AppDelegate.h; sourceTree = "<group>"; };
		6BB2EE641C2FEEA300FCAAD2 /* AppDelegate.m */ = {isa = PBXFileReference; lastKnownFileType = sourcecode.c.objc; path = AppDelegate.m; sourceTree = "<group>"; };
		6BB2EE661C2FEEA300FCAAD2 /* HomePage.h */ = {isa = PBXFileReference; lastKnownFileType = sourcecode.c.h; path = HomePage.h; sourceTree = "<group>"; };
		6BB2EE671C2FEEA300FCAAD2 /* HomePage.m */ = {isa = PBXFileReference; lastKnownFileType = sourcecode.c.objc; path = HomePage.m; sourceTree = "<group>"; };
		6BB2EE6A1C2FEEA300FCAAD2 /* Base */ = {isa = PBXFileReference; lastKnownFileType = file.storyboard; name = Base; path = Base.lproj/Main.storyboard; sourceTree = "<group>"; };
		6BB2EE6C1C2FEEA300FCAAD2 /* Assets.xcassets */ = {isa = PBXFileReference; lastKnownFileType = folder.assetcatalog; path = Assets.xcassets; sourceTree = "<group>"; };
		6BB2EE6F1C2FEEA300FCAAD2 /* Base */ = {isa = PBXFileReference; lastKnownFileType = file.storyboard; name = Base; path = Base.lproj/LaunchScreen.storyboard; sourceTree = "<group>"; };
		6BB2EE711C2FEEA300FCAAD2 /* Info.plist */ = {isa = PBXFileReference; lastKnownFileType = text.plist.xml; path = Info.plist; sourceTree = "<group>"; };
		6BB2EE771C2FEEC300FCAAD2 /* Readme */ = {isa = PBXFileReference; fileEncoding = 4; lastKnownFileType = text; path = Readme; sourceTree = "<group>"; };
		6BB2EE801C2FEF6C00FCAAD2 /* Define.h */ = {isa = PBXFileReference; lastKnownFileType = sourcecode.c.h; path = Define.h; sourceTree = "<group>"; };
/* End PBXFileReference section */

/* Begin PBXFrameworksBuildPhase section */
		6BB2EE5A1C2FEEA300FCAAD2 /* Frameworks */ = {
			isa = PBXFrameworksBuildPhase;
			buildActionMask = 2147483647;
			files = (
			);
			runOnlyForDeploymentPostprocessing = 0;
		};
/* End PBXFrameworksBuildPhase section */

/* Begin PBXGroup section */
		6BB2EE541C2FEEA300FCAAD2 = {
			isa = PBXGroup;
			children = (
				6BB2EE771C2FEEC300FCAAD2 /* Readme */,
				6BB2EE5F1C2FEEA300FCAAD2 /* NewsReader */,
				6BB2EE5E1C2FEEA300FCAAD2 /* Products */,
			);
			sourceTree = "<group>";
		};
		6BB2EE5E1C2FEEA300FCAAD2 /* Products */ = {
			isa = PBXGroup;
			children = (
				6BB2EE5D1C2FEEA300FCAAD2 /* NewsReader.app */,
			);
			name = Products;
			sourceTree = "<group>";
		};
		6BB2EE5F1C2FEEA300FCAAD2 /* NewsReader */ = {
			isa = PBXGroup;
			children = (
				6BB2EE841C2FEFD700FCAAD2 /* Resource */,
				6BB2EE7E1C2FEF3600FCAAD2 /* Global */,
				6BB2EE7D1C2FEF1D00FCAAD2 /* Utility */,
				6BB2EE7C1C2FEF1500FCAAD2 /* Controller */,
				6BB2EE7B1C2FEF0300FCAAD2 /* DB */,
				6BB2EE7A1C2FEEF900FCAAD2 /* NetWork */,
				6BB2EE791C2FEEEF00FCAAD2 /* Model */,
				6BB2EE7F1C2FEF4700FCAAD2 /* ThirdSDK */,
				6BB2EE801C2FEF6C00FCAAD2 /* Define.h */,
				6BB2EE631C2FEEA300FCAAD2 /* AppDelegate.h */,
				6BB2EE641C2FEEA300FCAAD2 /* AppDelegate.m */,
				6BB2EE711C2FEEA300FCAAD2 /* Info.plist */,
				6BB2EE601C2FEEA300FCAAD2 /* Supporting Files */,
			);
			path = NewsReader;
			sourceTree = "<group>";
		};
		6BB2EE601C2FEEA300FCAAD2 /* Supporting Files */ = {
			isa = PBXGroup;
			children = (
				6BB2EE611C2FEEA300FCAAD2 /* main.m */,
			);
			name = "Supporting Files";
			sourceTree = "<group>";
		};
		6BB2EE791C2FEEEF00FCAAD2 /* Model */ = {
			isa = PBXGroup;
			children = (
			);
			name = Model;
			sourceTree = "<group>";
		};
		6BB2EE7A1C2FEEF900FCAAD2 /* NetWork */ = {
			isa = PBXGroup;
			children = (
			);
			name = NetWork;
			sourceTree = "<group>";
		};
		6BB2EE7B1C2FEF0300FCAAD2 /* DB */ = {
			isa = PBXGroup;
			children = (
			);
			name = DB;
			sourceTree = "<group>";
		};
		6BB2EE7C1C2FEF1500FCAAD2 /* Controller */ = {
			isa = PBXGroup;
			children = (
				6BB2EE661C2FEEA300FCAAD2 /* HomePage.h */,
				6BB2EE671C2FEEA300FCAAD2 /* HomePage.m */,
				6BB2EE831C2FEFA800FCAAD2 /* Cell */,
				6BB2EE821C2FEF9D00FCAAD2 /* Widget */,
				6BB2EE811C2FEF9400FCAAD2 /* Page */,
			);
			name = Controller;
			sourceTree = "<group>";
		};
		6BB2EE7D1C2FEF1D00FCAAD2 /* Utility */ = {
			isa = PBXGroup;
			children = (
			);
			name = Utility;
			sourceTree = "<group>";
		};
		6BB2EE7E1C2FEF3600FCAAD2 /* Global */ = {
			isa = PBXGroup;
			children = (
			);
			name = Global;
			sourceTree = "<group>";
		};
		6BB2EE7F1C2FEF4700FCAAD2 /* ThirdSDK */ = {
			isa = PBXGroup;
			children = (
			);
			name = ThirdSDK;
			sourceTree = "<group>";
		};
		6BB2EE811C2FEF9400FCAAD2 /* Page */ = {
			isa = PBXGroup;
			children = (
			);
			name = Page;
			sourceTree = "<group>";
		};
		6BB2EE821C2FEF9D00FCAAD2 /* Widget */ = {
			isa = PBXGroup;
			children = (
			);
			name = Widget;
			sourceTree = "<group>";
		};
		6BB2EE831C2FEFA800FCAAD2 /* Cell */ = {
			isa = PBXGroup;
			children = (
			);
			name = Cell;
			sourceTree = "<group>";
		};
		6BB2EE841C2FEFD700FCAAD2 /* Resource */ = {
			isa = PBXGroup;
			children = (
				6BB2EE871C2FEFFE00FCAAD2 /* Xib */,
				6BB2EE861C2FEFF600FCAAD2 /* Config */,
				6BB2EE851C2FEFDF00FCAAD2 /* Image */,
			);
			name = Resource;
			sourceTree = "<group>";
		};
		6BB2EE851C2FEFDF00FCAAD2 /* Image */ = {
			isa = PBXGroup;
			children = (
				6BB2EE6C1C2FEEA300FCAAD2 /* Assets.xcassets */,
			);
			name = Image;
			sourceTree = "<group>";
		};
		6BB2EE861C2FEFF600FCAAD2 /* Config */ = {
			isa = PBXGroup;
			children = (
			);
			name = Config;
			sourceTree = "<group>";
		};
		6BB2EE871C2FEFFE00FCAAD2 /* Xib */ = {
			isa = PBXGroup;
			children = (
				6BB2EE6E1C2FEEA300FCAAD2 /* LaunchScreen.storyboard */,
				6BB2EE691C2FEEA300FCAAD2 /* Main.storyboard */,
			);
			name = Xib;
			sourceTree = "<group>";
		};
/* End PBXGroup section */

/* Begin PBXNativeTarget section */
		6BB2EE5C1C2FEEA300FCAAD2 /* NewsReader */ = {
			isa = PBXNativeTarget;
			buildConfigurationList = 6BB2EE741C2FEEA300FCAAD2 /* Build configuration list for PBXNativeTarget "NewsReader" */;
			buildPhases = (
				6BB2EE591C2FEEA300FCAAD2 /* Sources */,
				6BB2EE5A1C2FEEA300FCAAD2 /* Frameworks */,
				6BB2EE5B1C2FEEA300FCAAD2 /* Resources */,
			);
			buildRules = (
			);
			dependencies = (
			);
			name = NewsReader;
			productName = NewsReader;
			productReference = 6BB2EE5D1C2FEEA300FCAAD2 /* NewsReader.app */;
			productType = "com.apple.product-type.application";
		};
/* End PBXNativeTarget section */

/* Begin PBXProject section */
		6BB2EE551C2FEEA300FCAAD2 /* Project object */ = {
			isa = PBXProject;
			attributes = {
				LastUpgradeCheck = 0700;
				ORGANIZATIONNAME = suze;
				TargetAttributes = {
					6BB2EE5C1C2FEEA300FCAAD2 = {
						CreatedOnToolsVersion = 7.0.1;
					};
				};
			};
			buildConfigurationList = 6BB2EE581C2FEEA300FCAAD2 /* Build configuration list for PBXProject "NewsReader" */;
			compatibilityVersion = "Xcode 3.2";
			developmentRegion = English;
			hasScannedForEncodings = 0;
			knownRegions = (
				en,
				Base,
			);
			mainGroup = 6BB2EE541C2FEEA300FCAAD2;
			productRefGroup = 6BB2EE5E1C2FEEA300FCAAD2 /* Products */;
			projectDirPath = "";
			projectRoot = "";
			targets = (
				6BB2EE5C1C2FEEA300FCAAD2 /* NewsReader */,
			);
		};
/* End PBXProject section */

/* Begin PBXResourcesBuildPhase section */
		6BB2EE5B1C2FEEA300FCAAD2 /* Resources */ = {
			isa = PBXResourcesBuildPhase;
			buildActionMask = 2147483647;
			files = (
				6BB2EE781C2FEEC300FCAAD2 /* Readme in Resources */,
				6BB2EE701C2FEEA300FCAAD2 /* LaunchScreen.storyboard in Resources */,
				6BB2EE6D1C2FEEA300FCAAD2 /* Assets.xcassets in Resources */,
				6BB2EE6B1C2FEEA300FCAAD2 /* Main.storyboard in Resources */,
			);
			runOnlyForDeploymentPostprocessing = 0;
		};
/* End PBXResourcesBuildPhase section */

/* Begin PBXSourcesBuildPhase section */
		6BB2EE591C2FEEA300FCAAD2 /* Sources */ = {
			isa = PBXSourcesBuildPhase;
			buildActionMask = 2147483647;
			files = (
				6BB2EE681C2FEEA300FCAAD2 /* HomePage.m in Sources */,
				6BB2EE651C2FEEA300FCAAD2 /* AppDelegate.m in Sources */,
				6BB2EE621C2FEEA300FCAAD2 /* main.m in Sources */,
			);
			runOnlyForDeploymentPostprocessing = 0;
		};
/* End PBXSourcesBuildPhase section */

/* Begin PBXVariantGroup section */
		6BB2EE691C2FEEA300FCAAD2 /* Main.storyboard */ = {
			isa = PBXVariantGroup;
			children = (
				6BB2EE6A1C2FEEA300FCAAD2 /* Base */,
			);
			name = Main.storyboard;
			sourceTree = "<group>";
		};
		6BB2EE6E1C2FEEA300FCAAD2 /* LaunchScreen.storyboard */ = {
			isa = PBXVariantGroup;
			children = (
				6BB2EE6F1C2FEEA300FCAAD2 /* Base */,
			);
			name = LaunchScreen.storyboard;
			sourceTree = "<group>";
		};
/* End PBXVariantGroup section */

/* Begin XCBuildConfiguration section */
		6BB2EE721C2FEEA300FCAAD2 /* Debug */ = {
			isa = XCBuildConfiguration;
			buildSettings = {
				ALWAYS_SEARCH_USER_PATHS = NO;
				CLANG_CXX_LANGUAGE_STANDARD = "gnu++0x";
				CLANG_CXX_LIBRARY = "libc++";
				CLANG_ENABLE_MODULES = YES;
				CLANG_ENABLE_OBJC_ARC = YES;
				CLANG_WARN_BOOL_CONVERSION = YES;
				CLANG_WARN_CONSTANT_CONVERSION = YES;
				CLANG_WARN_DIRECT_OBJC_ISA_USAGE = YES_ERROR;
				CLANG_WARN_EMPTY_BODY = YES;
				CLANG_WARN_ENUM_CONVERSION = YES;
				CLANG_WARN_INT_CONVERSION = YES;
				CLANG_WARN_OBJC_ROOT_CLASS = YES_ERROR;
				CLANG_WARN_UNREACHABLE_CODE = YES;
				CLANG_WARN__DUPLICATE_METHOD_MATCH = YES;
				"CODE_SIGN_IDENTITY[sdk=iphoneos*]" = "iPhone Developer";
				COPY_PHASE_STRIP = NO;
				DEBUG_INFORMATION_FORMAT = dwarf;
				ENABLE_STRICT_OBJC_MSGSEND = YES;
				ENABLE_TESTABILITY = YES;
				GCC_C_LANGUAGE_STANDARD = gnu99;
				GCC_DYNAMIC_NO_PIC = NO;
				GCC_NO_COMMON_BLOCKS = YES;
				GCC_OPTIMIZATION_LEVEL = 0;
				GCC_PREPROCESSOR_DEFINITIONS = (
					"DEBUG=1",
					"$(inherited)",
				);
				GCC_WARN_64_TO_32_BIT_CONVERSION = YES;
				GCC_WARN_ABOUT_RETURN_TYPE = YES_ERROR;
				GCC_WARN_UNDECLARED_SELECTOR = YES;
				GCC_WARN_UNINITIALIZED_AUTOS = YES_AGGRESSIVE;
				GCC_WARN_UNUSED_FUNCTION = YES;
				GCC_WARN_UNUSED_VARIABLE = YES;
				IPHONEOS_DEPLOYMENT_TARGET = 9.0;
				MTL_ENABLE_DEBUG_INFO = YES;
				ONLY_ACTIVE_ARCH = YES;
				SDKROOT = iphoneos;
			};
			name = Debug;
		};
		6BB2EE731C2FEEA300FCAAD2 /* Release */ = {
			isa = XCBuildConfiguration;
			buildSettings = {
				ALWAYS_SEARCH_USER_PATHS = NO;
				CLANG_CXX_LANGUAGE_STANDARD = "gnu++0x";
				CLANG_CXX_LIBRARY = "libc++";
				CLANG_ENABLE_MODULES = YES;
				CLANG_ENABLE_OBJC_ARC = YES;
				CLANG_WARN_BOOL_CONVERSION = YES;
				CLANG_WARN_CONSTANT_CONVERSION = YES;
				CLANG_WARN_DIRECT_OBJC_ISA_USAGE = YES_ERROR;
				CLANG_WARN_EMPTY_BODY = YES;
				CLANG_WARN_ENUM_CONVERSION = YES;
				CLANG_WARN_INT_CONVERSION = YES;
				CLANG_WARN_OBJC_ROOT_CLASS = YES_ERROR;
				CLANG_WARN_UNREACHABLE_CODE = YES;
				CLANG_WARN__DUPLICATE_METHOD_MATCH = YES;
				"CODE_SIGN_IDENTITY[sdk=iphoneos*]" = "iPhone Developer";
				COPY_PHASE_STRIP = NO;
				DEBUG_INFORMATION_FORMAT = "dwarf-with-dsym";
				ENABLE_NS_ASSERTIONS = NO;
				ENABLE_STRICT_OBJC_MSGSEND = YES;
				GCC_C_LANGUAGE_STANDARD = gnu99;
				GCC_NO_COMMON_BLOCKS = YES;
				GCC_WARN_64_TO_32_BIT_CONVERSION = YES;
				GCC_WARN_ABOUT_RETURN_TYPE = YES_ERROR;
				GCC_WARN_UNDECLARED_SELECTOR = YES;
				GCC_WARN_UNINITIALIZED_AUTOS = YES_AGGRESSIVE;
				GCC_WARN_UNUSED_FUNCTION = YES;
				GCC_WARN_UNUSED_VARIABLE = YES;
				IPHONEOS_DEPLOYMENT_TARGET = 9.0;
				MTL_ENABLE_DEBUG_INFO = NO;
				SDKROOT = iphoneos;
				VALIDATE_PRODUCT = YES;
			};
			name = Release;
		};
		6BB2EE751C2FEEA300FCAAD2 /* Debug */ = {
			isa = XCBuildConfiguration;
			buildSettings = {
				ASSETCATALOG_COMPILER_APPICON_NAME = AppIcon;
				INFOPLIST_FILE = NewsReader/Info.plist;
				LD_RUNPATH_SEARCH_PATHS = "$(inherited) @executable_path/Frameworks";
				PRODUCT_BUNDLE_IDENTIFIER = "-23.NewsReader";
				PRODUCT_NAME = "$(TARGET_NAME)";
			};
			name = Debug;
		};
		6BB2EE761C2FEEA300FCAAD2 /* Release */ = {
			isa = XCBuildConfiguration;
			buildSettings = {
				ASSETCATALOG_COMPILER_APPICON_NAME = AppIcon;
				INFOPLIST_FILE = NewsReader/Info.plist;
				LD_RUNPATH_SEARCH_PATHS = "$(inherited) @executable_path/Frameworks";
				PRODUCT_BUNDLE_IDENTIFIER = "-23.NewsReader";
				PRODUCT_NAME = "$(TARGET_NAME)";
			};
			name = Release;
		};
/* End XCBuildConfiguration section */

/* Begin XCConfigurationList section */
		6BB2EE581C2FEEA300FCAAD2 /* Build configuration list for PBXProject "NewsReader" */ = {
			isa = XCConfigurationList;
			buildConfigurations = (
				6BB2EE721C2FEEA300FCAAD2 /* Debug */,
				6BB2EE731C2FEEA300FCAAD2 /* Release */,
			);
			defaultConfigurationIsVisible = 0;
			defaultConfigurationName = Release;
		};
		6BB2EE741C2FEEA300FCAAD2 /* Build configuration list for PBXNativeTarget "NewsReader" */ = {
			isa = XCConfigurationList;
			buildConfigurations = (
				6BB2EE751C2FEEA300FCAAD2 /* Debug */,
				6BB2EE761C2FEEA300FCAAD2 /* Release */,
			);
			defaultConfigurationIsVisible = 0;
		};
/* End XCConfigurationList section */
	};
	rootObject = 6BB2EE551C2FEEA300FCAAD2 /* Project object */;
}
